<?xml version="1.0" encoding="utf-8"?>
<Project ToolsVersion="4.0" xmlns="http://schemas.microsoft.com/developer/msbuild/2003">
  <ItemGroup>
    <Filter Include="소스 파일">
      <UniqueIdentifier>{4FC737F1-C7A5-4376-A066-2A32D752A2FF}</UniqueIdentifier>
      <Extensions>cpp;c;cc;cxx;c++;cppm;ixx;def;odl;idl;hpj;bat;asm;asmx</Extensions>
    </Filter>
    <Filter Include="헤더 파일">
      <UniqueIdentifier>{93995380-89BD-4b04-88EB-625FBE52EBFB}</UniqueIdentifier>
      <Extensions>h;hh;hpp;hxx;h++;hm;inl;inc;ipp;xsd</Extensions>
    </Filter>
    <Filter Include="리소스 파일">
      <UniqueIdentifier>{67DA6AB6-F800-4c08-8B7A-83BB121AAD01}</UniqueIdentifier>
      <Extensions>rc;ico;cur;bmp;dlg;rc2;rct;bin;rgs;gif;jpg;jpeg;jpe;resx;tiff;tif;png;wav;mfcribbon-ms</Extensions>
    </Filter>
    <Filter Include="02.share">
      <UniqueIdentifier>{98263e57-bcda-4048-87fa-195b5750507a}</UniqueIdentifier>
    </Filter>
    <Filter Include="02.share\02.Object">
      <UniqueIdentifier>{4cd17200-e0b9-454d-b601-1c5a2d59137b}</UniqueIdentifier>
    </Filter>
    <Filter Include="02.share\01.Time">
      <UniqueIdentifier>{61ce1809-6768-4c8d-a5f7-ed8c63e8da44}</UniqueIdentifier>
    </Filter>
    <Filter Include="01.GameManager">
      <UniqueIdentifier>{b71ee040-4a3d-4236-91b0-626cf69ea2ab}</UniqueIdentifier>
    </Filter>
    <Filter Include="01.GameManager\01.Drive">
      <UniqueIdentifier>{91c83645-63e8-4f5f-8f5c-af17817049a5}</UniqueIdentifier>
    </Filter>
    <Filter Include="02.share\03.Shared_ptr">
      <UniqueIdentifier>{5badd49f-0df0-4c00-9671-b51a5ebd656c}</UniqueIdentifier>
    </Filter>
    <Filter Include="03.Asset">
      <UniqueIdentifier>{44cfa343-43cd-4b7a-a578-144a823072fa}</UniqueIdentifier>
    </Filter>
    <Filter Include="04.Shader">
      <UniqueIdentifier>{6c6ff345-5626-4acf-8423-1b62efadb4b4}</UniqueIdentifier>
    </Filter>
    <Filter Include="04.Shader\01.HLSL">
      <UniqueIdentifier>{1e53c1f4-a2c6-4cc0-95f8-694816e78511}</UniqueIdentifier>
    </Filter>
    <Filter Include="04.Shader\02.ShaderClass">
      <UniqueIdentifier>{6a4e0327-3d75-4cb7-a792-63d97421c839}</UniqueIdentifier>
    </Filter>
    <Filter Include="04.Shader\03.ConstantBuffer">
      <UniqueIdentifier>{0d9ae833-5f3d-4630-a338-4d0d5d476909}</UniqueIdentifier>
    </Filter>
    <Filter Include="04.Shader\03.ConstantBuffer\01.Transform">
      <UniqueIdentifier>{de675b38-6d7a-496e-a8e1-1152b3e1eb82}</UniqueIdentifier>
    </Filter>
    <Filter Include="05.Scene">
      <UniqueIdentifier>{4496ec09-5d4a-4831-bc0e-be8e2de770c5}</UniqueIdentifier>
    </Filter>
    <Filter Include="06.Object">
      <UniqueIdentifier>{61434baf-17ce-4d43-a87d-dc122203d562}</UniqueIdentifier>
    </Filter>
    <Filter Include="07.Component">
      <UniqueIdentifier>{2650083e-d90c-4d2d-b553-a82360002382}</UniqueIdentifier>
    </Filter>
    <Filter Include="07.Component\01.SceneComponent">
      <UniqueIdentifier>{4c95ca7a-f1ed-4538-a637-825e8864ff1c}</UniqueIdentifier>
    </Filter>
    <Filter Include="05.Scene\01.Input">
      <UniqueIdentifier>{349e04ed-2009-42a7-9006-22e9ff178811}</UniqueIdentifier>
    </Filter>
    <Filter Include="06.Object\02.Monster">
      <UniqueIdentifier>{41e3ce15-4167-41c5-b3be-91c46fc5310f}</UniqueIdentifier>
    </Filter>
    <Filter Include="06.Object\03.bullet">
      <UniqueIdentifier>{691f2226-8671-4f3b-ac8c-79db68814bed}</UniqueIdentifier>
    </Filter>
    <Filter Include="07.Component\02.NoSceneComponent">
      <UniqueIdentifier>{cdeab5bc-1491-45a9-8712-2ff1467bf60d}</UniqueIdentifier>
    </Filter>
    <Filter Include="07.Component\01.SceneComponent\01.Mesh">
      <UniqueIdentifier>{50eb98db-a165-47db-b3a8-d6d34cb718f0}</UniqueIdentifier>
    </Filter>
    <Filter Include="07.Component\01.SceneComponent\02.Camera">
      <UniqueIdentifier>{3f263c5f-9f8b-42d2-a446-db6dd758a235}</UniqueIdentifier>
    </Filter>
    <Filter Include="07.Component\01.SceneComponent\03.Collider">
      <UniqueIdentifier>{d35b58be-ca15-4592-bd31-c752a99f83b0}</UniqueIdentifier>
    </Filter>
    <Filter Include="05.Scene\02.CameraManager">
      <UniqueIdentifier>{9dd0fd91-185e-4673-a90b-64d05957aaba}</UniqueIdentifier>
    </Filter>
    <Filter Include="05.Scene\03.Collision">
      <UniqueIdentifier>{93f0ba1a-b8ce-462c-8717-83beea07dd6b}</UniqueIdentifier>
    </Filter>
    <Filter Include="04.Shader\02.ShaderClass\01.ColorMesh">
      <UniqueIdentifier>{acd7163c-9344-4a57-afc5-f74d48212b9e}</UniqueIdentifier>
    </Filter>
    <Filter Include="04.Shader\02.ShaderClass\02.FrameMesh">
      <UniqueIdentifier>{a8535a7e-601a-453d-bc6c-aca4ce76e84e}</UniqueIdentifier>
    </Filter>
    <Filter Include="01.GameManager\02.ProfileManager">
      <UniqueIdentifier>{e6029416-2de9-4e9c-b010-d006bdca8823}</UniqueIdentifier>
    </Filter>
    <Filter Include="01.GameManager\03.Collision">
      <UniqueIdentifier>{56c2a2bb-52f8-4d29-a72d-b714ed60e5d2}</UniqueIdentifier>
    </Filter>
    <Filter Include="04.Shader\03.ConstantBuffer\02.Collider">
      <UniqueIdentifier>{addf08e0-2ce3-4ef8-a819-2bfcce86eb4a}</UniqueIdentifier>
    </Filter>
    <Filter Include="07.Component\01.SceneComponent\03.Collider\01.2D">
      <UniqueIdentifier>{97304cbb-65b4-4b7e-bc7f-721e0e81fd59}</UniqueIdentifier>
    </Filter>
    <Filter Include="06.Object\01.player">
      <UniqueIdentifier>{e446bc48-6e07-4943-bd2b-4ca9f8c645e4}</UniqueIdentifier>
    </Filter>
    <Filter Include="03.Asset\02.Texture">
      <UniqueIdentifier>{4b336d34-de92-496a-842a-b395a55118a7}</UniqueIdentifier>
    </Filter>
    <Filter Include="03.Asset\01.Mesh">
      <UniqueIdentifier>{4fba03c0-dc99-4713-9060-38aae1b25911}</UniqueIdentifier>
    </Filter>
    <Filter Include="05.Scene\04.Asset">
      <UniqueIdentifier>{3f747555-45e7-4672-886c-8abc47060122}</UniqueIdentifier>
    </Filter>
    <Filter Include="03.Asset\03.Material">
      <UniqueIdentifier>{059ac3c6-04e6-4466-bf3e-452cba1639f7}</UniqueIdentifier>
    </Filter>
    <Filter Include="08.Render">
      <UniqueIdentifier>{0e7ebe7a-f271-4996-bcbf-3cb7459d5c8f}</UniqueIdentifier>
    </Filter>
    <Filter Include="04.Shader\02.ShaderClass\03.StaticMesh">
      <UniqueIdentifier>{5f4f6307-9ca2-492d-b650-65a9a993e783}</UniqueIdentifier>
    </Filter>
    <Filter Include="04.Shader\02.ShaderClass\04.Sprite">
      <UniqueIdentifier>{25177753-3645-4e9b-a690-e12c9c1ddac5}</UniqueIdentifier>
    </Filter>
    <Filter Include="04.Shader\03.ConstantBuffer\03.Material">
      <UniqueIdentifier>{bceaf8e1-52be-4856-a948-2f7344fb110f}</UniqueIdentifier>
    </Filter>
    <Filter Include="04.Shader\03.ConstantBuffer\04.Sprite">
      <UniqueIdentifier>{f25534e7-9081-4716-9dd2-bd742f6f2a9e}</UniqueIdentifier>
    </Filter>
    <Filter Include="07.Component\01.SceneComponent\04.Sprite">
      <UniqueIdentifier>{44186720-2753-4d84-a4e3-272a7ad241ba}</UniqueIdentifier>
    </Filter>
    <Filter Include="09.Animation">
      <UniqueIdentifier>{8cda5b8e-6747-4e29-a093-6fa3a2d01a11}</UniqueIdentifier>
    </Filter>
    <Filter Include="02.share\04.Log">
      <UniqueIdentifier>{88b34c24-5b6c-444a-a799-a877d4855264}</UniqueIdentifier>
    </Filter>
    <Filter Include="03.Asset\04.Animation">
      <UniqueIdentifier>{3fc18d48-fb18-4dc7-9e99-77ce9378f550}</UniqueIdentifier>
    </Filter>
    <Filter Include="03.Asset\05.Sound">
      <UniqueIdentifier>{23106f94-834d-4cb5-a3c0-0f9012da6c7a}</UniqueIdentifier>
    </Filter>
    <Filter Include="04.Shader\03.ConstantBuffer\05.Animation">
      <UniqueIdentifier>{a7e076f5-72a9-411e-a8aa-97ab0c687f51}</UniqueIdentifier>
    </Filter>
    <Filter Include="05.Scene\05.UI">
      <UniqueIdentifier>{6536ffa8-eb6f-423a-947c-da99226a9879}</UniqueIdentifier>
    </Filter>
    <Filter Include="06.Object\99.Effect">
      <UniqueIdentifier>{0bdcfa8f-f19c-47eb-8aac-3d1bd626d473}</UniqueIdentifier>
    </Filter>
    <Filter Include="08.Render\01.Renderstate">
      <UniqueIdentifier>{42e003c1-d9ef-4512-872a-d66615916ce4}</UniqueIdentifier>
    </Filter>
    <Filter Include="07.Component\01.SceneComponent\05.Audio">
      <UniqueIdentifier>{d2d4a057-a92a-4de9-a249-3754309287b4}</UniqueIdentifier>
    </Filter>
    <Filter Include="10.UI">
      <UniqueIdentifier>{9945e2d7-09d4-4f8b-ac11-992740b2c3ef}</UniqueIdentifier>
    </Filter>
    <Filter Include="10.UI\01.Common">
      <UniqueIdentifier>{67174f72-de3b-417b-9dd8-3ec2ff19f8af}</UniqueIdentifier>
    </Filter>
    <Filter Include="06.Object\98.Block">
      <UniqueIdentifier>{9ff00168-b8db-4d9b-9582-fc1b2fc02c60}</UniqueIdentifier>
    </Filter>
    <Filter Include="10.UI\02.UserWidget">
      <UniqueIdentifier>{4683004e-6a6b-48ea-ab41-a55836006f44}</UniqueIdentifier>
    </Filter>
    <Filter Include="10.UI\02.UserWidget\01.Main">
      <UniqueIdentifier>{efc5c487-1d66-40f4-b961-f3a2893b71d4}</UniqueIdentifier>
    </Filter>
    <Filter Include="06.Object\04.Tree">
      <UniqueIdentifier>{cdc8ea37-b4a0-405c-bac5-5162f2743fd4}</UniqueIdentifier>
    </Filter>
    <Filter Include="06.Object\05.Camera">
      <UniqueIdentifier>{b4ed3280-3e44-41b0-a8df-412897635c6b}</UniqueIdentifier>
    </Filter>
    <Filter Include="04.Shader\02.ShaderClass\05.UI">
      <UniqueIdentifier>{16604767-64f8-454b-a5ef-a610a795af12}</UniqueIdentifier>
    </Filter>
    <Filter Include="04.Shader\03.ConstantBuffer\06.UI">
      <UniqueIdentifier>{43b9181c-21f6-4930-a31d-7e38bf3b858d}</UniqueIdentifier>
    </Filter>
    <Filter Include="03.Asset\06.Font">
      <UniqueIdentifier>{7257c6da-7932-4f72-b348-23bd34a51708}</UniqueIdentifier>
    </Filter>
    <Filter Include="07.Component\01.SceneComponent\07.TileMap">
      <UniqueIdentifier>{5183b157-8928-421f-895f-14f9030a0757}</UniqueIdentifier>
    </Filter>
    <Filter Include="07.Component\02.NoSceneComponent\02.TileMap">
      <UniqueIdentifier>{e93f0a33-15c9-4107-8d49-bc6095d45bd5}</UniqueIdentifier>
    </Filter>
    <Filter Include="06.Object\06.TileMap">
      <UniqueIdentifier>{b88ebf52-9d8c-4d26-8330-e836a2ae640a}</UniqueIdentifier>
    </Filter>
    <Filter Include="04.Shader\02.ShaderClass\06.TileMap">
      <UniqueIdentifier>{c096a6b4-4ba9-4f66-afb6-7a04c60a855d}</UniqueIdentifier>
    </Filter>
    <Filter Include="07.Component\06.Widget">
      <UniqueIdentifier>{481573b7-0b81-42c4-97fc-9b603d4233f2}</UniqueIdentifier>
    </Filter>
    <Filter Include="07.Component\02.NoSceneComponent\01.Movement">
      <UniqueIdentifier>{efb126cf-24aa-4a74-bcd5-641a0803141b}</UniqueIdentifier>
    </Filter>
    <Filter Include="10.UI\02.UserWidget\02.PlayerWidget">
      <UniqueIdentifier>{5ffff8d3-385e-44e1-9ea9-2472c368f9d5}</UniqueIdentifier>
    </Filter>
    <Filter Include="04.Shader\03.ConstantBuffer\07.TileMap">
      <UniqueIdentifier>{68b8b5af-5f6f-43f5-8e7c-edfd556f99de}</UniqueIdentifier>
    </Filter>
    <Filter Include="06.Object\02.Monster\01.Stone_Mole">
      <UniqueIdentifier>{c5163a8c-46b0-4cfb-b654-7810f1b9509d}</UniqueIdentifier>
    </Filter>
    <Filter Include="06.Object\02.Monster\02.MoleGuard">
      <UniqueIdentifier>{88050243-d368-476f-9bce-033b20ad4b3c}</UniqueIdentifier>
    </Filter>
    <Filter Include="10.UI\02.UserWidget\02.PlayerWidget\Inventoty">
      <UniqueIdentifier>{7e569aa6-d4e0-4460-b892-eedece2f136d}</UniqueIdentifier>
    </Filter>
    <Filter Include="03.Asset\07.Item">
      <UniqueIdentifier>{a82acb38-235e-4758-9200-924fd987fcec}</UniqueIdentifier>
    </Filter>
    <Filter Include="07.Component\02.NoSceneComponent\Inventory">
      <UniqueIdentifier>{0e7e4b23-e076-49f3-b618-48e8d34811ec}</UniqueIdentifier>
    </Filter>
    <Filter Include="04.Shader\01.HLSL\Bloom">
      <UniqueIdentifier>{1e922dc7-3688-467b-a8e8-da038d5750c2}</UniqueIdentifier>
    </Filter>
    <Filter Include="04.Shader\02.ShaderClass\07.Bloom">
      <UniqueIdentifier>{6f12041f-0413-44dc-95d1-8502b2f161fd}</UniqueIdentifier>
    </Filter>
    <Filter Include="04.Shader\03.ConstantBuffer\08.bloom">
      <UniqueIdentifier>{2afbbef5-2670-4f3d-81fc-e302a1586642}</UniqueIdentifier>
    </Filter>
    <Filter Include="10.UI\02.UserWidget\03.tile">
      <UniqueIdentifier>{5b823707-c823-4281-a963-6129623f79af}</UniqueIdentifier>
    </Filter>
  </ItemGroup>
  <ItemGroup>
    <ClCompile Include="main.cpp">
      <Filter>소스 파일</Filter>
    </ClCompile>
    <ClCompile Include="GameManager.cpp">
      <Filter>01.GameManager</Filter>
    </ClCompile>
    <ClCompile Include="Share\Timer.cpp">
      <Filter>02.share\01.Time</Filter>
    </ClCompile>
    <ClCompile Include="Vector4D.cpp">
      <Filter>소스 파일</Filter>
    </ClCompile>
    <ClCompile Include="Asset\AssetManager.cpp">
      <Filter>03.Asset</Filter>
    </ClCompile>
    <ClCompile Include="Share\Object.cpp">
      <Filter>02.share\02.Object</Filter>
    </ClCompile>
    <ClCompile Include="Device.cpp">
      <Filter>01.GameManager\01.Drive</Filter>
    </ClCompile>
    <ClCompile Include="Asset\Mesh\Mesh.cpp">
      <Filter>03.Asset\01.Mesh</Filter>
    </ClCompile>
    <ClCompile Include="Asset\Mesh\StaticMesh.cpp">
      <Filter>03.Asset\01.Mesh</Filter>
    </ClCompile>
    <ClCompile Include="Asset\Mesh\MeshManager.cpp">
      <Filter>03.Asset\01.Mesh</Filter>
    </ClCompile>
    <ClCompile Include="Shader\Shader.cpp">
      <Filter>04.Shader\02.ShaderClass</Filter>
    </ClCompile>
    <ClCompile Include="Shader\GraphicShader.cpp">
      <Filter>04.Shader\02.ShaderClass</Filter>
    </ClCompile>
    <ClCompile Include="Shader\ShaderManager.cpp">
      <Filter>04.Shader</Filter>
    </ClCompile>
    <ClCompile Include="Shader\ComputeShader.cpp">
      <Filter>04.Shader\02.ShaderClass</Filter>
    </ClCompile>
    <ClCompile Include="Shader\ConstantBuffer.cpp">
      <Filter>04.Shader\03.ConstantBuffer</Filter>
    </ClCompile>
    <ClCompile Include="Shader\ConstantBufferData.cpp">
      <Filter>04.Shader\03.ConstantBuffer</Filter>
    </ClCompile>
    <ClCompile Include="Shader\TransformCBuffer.cpp">
      <Filter>04.Shader\03.ConstantBuffer\01.Transform</Filter>
    </ClCompile>
    <ClCompile Include="Scene\Scene.cpp">
      <Filter>05.Scene</Filter>
    </ClCompile>
    <ClCompile Include="Scene\SceneMain.cpp">
      <Filter>05.Scene</Filter>
    </ClCompile>
    <ClCompile Include="Object\SceneObject.cpp">
      <Filter>06.Object</Filter>
    </ClCompile>
    <ClCompile Include="Component\Component.cpp">
      <Filter>07.Component</Filter>
    </ClCompile>
    <ClCompile Include="Vector3D.cpp">
      <Filter>소스 파일</Filter>
    </ClCompile>
    <ClCompile Include="Component\SceneComponent.cpp">
      <Filter>07.Component\01.SceneComponent</Filter>
    </ClCompile>
    <ClCompile Include="Scene\SceneManager.cpp">
      <Filter>05.Scene</Filter>
    </ClCompile>
    <ClCompile Include="Scene\Input.cpp">
      <Filter>05.Scene\01.Input</Filter>
    </ClCompile>
    <ClCompile Include="Object\BulletObject.cpp">
      <Filter>06.Object\03.bullet</Filter>
    </ClCompile>
    <ClCompile Include="Component\MeshComponent.cpp">
      <Filter>07.Component\01.SceneComponent\01.Mesh</Filter>
    </ClCompile>
    <ClCompile Include="Component\StaticMeshComponent.cpp">
      <Filter>07.Component\01.SceneComponent\01.Mesh</Filter>
    </ClCompile>
    <ClCompile Include="Component\CameraComponent.cpp">
      <Filter>07.Component\01.SceneComponent\02.Camera</Filter>
    </ClCompile>
    <ClCompile Include="Component\ColliderBase.cpp">
      <Filter>07.Component\01.SceneComponent\03.Collider</Filter>
    </ClCompile>
    <ClCompile Include="Scene\CameraManager.cpp">
      <Filter>05.Scene\02.CameraManager</Filter>
    </ClCompile>
    <ClCompile Include="Scene\CollisionQuadTree.cpp">
      <Filter>05.Scene\03.Collision</Filter>
    </ClCompile>
    <ClCompile Include="Scene\SceneCollision.cpp">
      <Filter>05.Scene\03.Collision</Filter>
    </ClCompile>
    <ClCompile Include="Shader\ColorMeshShader.cpp">
      <Filter>04.Shader\02.ShaderClass\01.ColorMesh</Filter>
    </ClCompile>
    <ClCompile Include="Shader\FrameMeshShader.cpp">
      <Filter>04.Shader\02.ShaderClass\02.FrameMesh</Filter>
    </ClCompile>
    <ClCompile Include="Object\MonsterSpawner.cpp">
      <Filter>06.Object</Filter>
    </ClCompile>
    <ClCompile Include="ProfileManager.cpp">
      <Filter>01.GameManager\02.ProfileManager</Filter>
    </ClCompile>
    <ClCompile Include="Collision.cpp">
      <Filter>01.GameManager\03.Collision</Filter>
    </ClCompile>
    <ClCompile Include="Shader\ColliderCBuffer.cpp">
      <Filter>04.Shader\03.ConstantBuffer\02.Collider</Filter>
    </ClCompile>
    <ClCompile Include="Component\ColliderAABB2D.cpp">
      <Filter>07.Component\01.SceneComponent\03.Collider\01.2D</Filter>
    </ClCompile>
    <ClCompile Include="Component\ColliderSphere2D.cpp">
      <Filter>07.Component\01.SceneComponent\03.Collider\01.2D</Filter>
    </ClCompile>
    <ClCompile Include="Component\ColliderOBB2D.cpp">
      <Filter>07.Component\01.SceneComponent\03.Collider\01.2D</Filter>
    </ClCompile>
    <ClCompile Include="Object\ObjectSpawnPoint.cpp">
      <Filter>06.Object</Filter>
    </ClCompile>
    <ClCompile Include="Object\PlayerObject.cpp">
      <Filter>06.Object\01.player</Filter>
    </ClCompile>
    <ClCompile Include="Component\ColliderLine2D.cpp">
      <Filter>07.Component\01.SceneComponent\03.Collider\01.2D</Filter>
    </ClCompile>
    <ClCompile Include="Asset\Asset.cpp">
      <Filter>03.Asset</Filter>
    </ClCompile>
    <ClCompile Include="Asset\Texture\TextureManager.cpp">
      <Filter>03.Asset\02.Texture</Filter>
    </ClCompile>
    <ClCompile Include="Asset\Texture\Texture.cpp">
      <Filter>03.Asset\02.Texture</Filter>
    </ClCompile>
    <ClCompile Include="Scene\SceneAssetManager.cpp">
      <Filter>05.Scene\04.Asset</Filter>
    </ClCompile>
    <ClCompile Include="Asset\Material\Material.cpp">
      <Filter>03.Asset\03.Material</Filter>
    </ClCompile>
    <ClCompile Include="Asset\Material\MaterialManager.cpp">
      <Filter>03.Asset\03.Material</Filter>
    </ClCompile>
    <ClCompile Include="Render\RenderStateManager.cpp">
      <Filter>08.Render</Filter>
    </ClCompile>
    <ClCompile Include="Shader\StaticMeshShader.cpp">
      <Filter>04.Shader\02.ShaderClass\03.StaticMesh</Filter>
    </ClCompile>
    <ClCompile Include="Shader\SpriteShader.cpp">
      <Filter>04.Shader\02.ShaderClass\04.Sprite</Filter>
    </ClCompile>
    <ClCompile Include="Shader\MaterialCBuffer.cpp">
      <Filter>04.Shader\03.ConstantBuffer\03.Material</Filter>
    </ClCompile>
    <ClCompile Include="Shader\SpriteCBuffer.cpp">
      <Filter>04.Shader\03.ConstantBuffer\04.Sprite</Filter>
    </ClCompile>
    <ClCompile Include="Component\SpriteComponent.cpp">
      <Filter>07.Component\01.SceneComponent\04.Sprite</Filter>
    </ClCompile>
    <ClCompile Include="Animation\Animation2D.cpp">
      <Filter>09.Animation</Filter>
    </ClCompile>
    <ClCompile Include="Asset\Animation\Animation2DManager.cpp">
      <Filter>03.Asset\04.Animation</Filter>
    </ClCompile>
    <ClCompile Include="Asset\Animation\Animation2DData.cpp">
      <Filter>03.Asset\04.Animation</Filter>
    </ClCompile>
    <ClCompile Include="Asset\Sound\SoundManager.cpp">
      <Filter>03.Asset\05.Sound</Filter>
    </ClCompile>
    <ClCompile Include="Asset\Sound\Sound.cpp">
      <Filter>03.Asset\05.Sound</Filter>
    </ClCompile>
    <ClCompile Include="GameInfo.cpp">
      <Filter>소스 파일</Filter>
    </ClCompile>
    <ClCompile Include="Share\Log.cpp">
      <Filter>02.share\04.Log</Filter>
    </ClCompile>
    <ClCompile Include="Shader\Animation2DCBuffer.cpp">
      <Filter>04.Shader\03.ConstantBuffer\05.Animation</Filter>
    </ClCompile>
    <ClCompile Include="Scene\SceneUIManager.cpp">
      <Filter>05.Scene\05.UI</Filter>
    </ClCompile>
    <ClCompile Include="Object\SpriteEffect.cpp">
      <Filter>06.Object\99.Effect</Filter>
    </ClCompile>
    <ClCompile Include="Render\RenderState.cpp">
      <Filter>08.Render\01.Renderstate</Filter>
    </ClCompile>
    <ClCompile Include="Render\BlendState.cpp">
      <Filter>08.Render\01.Renderstate</Filter>
    </ClCompile>
    <ClCompile Include="Render\RasterizerState.cpp">
      <Filter>08.Render\01.Renderstate</Filter>
    </ClCompile>
    <ClCompile Include="Animation\Animation2DSequence.cpp">
      <Filter>09.Animation</Filter>
    </ClCompile>
    <ClCompile Include="Component\AudioComponent.cpp">
      <Filter>07.Component\01.SceneComponent\05.Audio</Filter>
    </ClCompile>
    <ClCompile Include="UI\Widget.cpp">
      <Filter>10.UI</Filter>
    </ClCompile>
    <ClCompile Include="UI\Common\Button.cpp">
      <Filter>10.UI\01.Common</Filter>
    </ClCompile>
    <ClCompile Include="Object\Block.cpp">
      <Filter>06.Object\98.Block</Filter>
    </ClCompile>
    <ClCompile Include="Render\RenderManager.cpp">
      <Filter>08.Render</Filter>
    </ClCompile>
    <ClCompile Include="UI\UserWidget\WindowWidget.cpp">
      <Filter>10.UI\02.UserWidget</Filter>
    </ClCompile>
    <ClCompile Include="UI\UserWidget\UserWidget.cpp">
      <Filter>10.UI\02.UserWidget</Filter>
    </ClCompile>
    <ClCompile Include="UI\UserWidget\MainWidget.cpp">
      <Filter>10.UI\02.UserWidget\01.Main</Filter>
    </ClCompile>
    <ClCompile Include="Object\Tree.cpp">
      <Filter>06.Object\04.Tree</Filter>
    </ClCompile>
    <ClCompile Include="Object\MainCamera.cpp">
      <Filter>06.Object\05.Camera</Filter>
    </ClCompile>
    <ClCompile Include="Shader\UIShader.cpp">
      <Filter>04.Shader\02.ShaderClass\05.UI</Filter>
    </ClCompile>
    <ClCompile Include="Shader\UICbuffer.cpp">
      <Filter>04.Shader\03.ConstantBuffer\06.UI</Filter>
    </ClCompile>
    <ClCompile Include="Render\DepthStencilState.cpp">
      <Filter>08.Render\01.Renderstate</Filter>
    </ClCompile>
    <ClCompile Include="Object\PlayerWeaponObject.cpp">
      <Filter>06.Object\01.player</Filter>
    </ClCompile>
    <ClCompile Include="Object\PlayerShieldObject.cpp">
      <Filter>06.Object\01.player</Filter>
    </ClCompile>
    <ClCompile Include="Asset\Font\Font.cpp">
      <Filter>03.Asset\06.Font</Filter>
    </ClCompile>
    <ClCompile Include="Asset\Font\FontCollection.cpp">
      <Filter>03.Asset\06.Font</Filter>
    </ClCompile>
    <ClCompile Include="Asset\Font\FontManager.cpp">
      <Filter>03.Asset\06.Font</Filter>
    </ClCompile>
    <ClCompile Include="Scene\SceneStart.cpp">
      <Filter>05.Scene</Filter>
    </ClCompile>
    <ClCompile Include="UI\Common\Image.cpp">
      <Filter>10.UI\01.Common</Filter>
    </ClCompile>
    <ClCompile Include="UI\Common\TextBlock.cpp">
      <Filter>10.UI\01.Common</Filter>
    </ClCompile>
    <ClCompile Include="UI\UserWidget\StartWidget.cpp">
      <Filter>10.UI\02.UserWidget\01.Main</Filter>
    </ClCompile>
    <ClCompile Include="UI\UserWidget\HeadInfo.cpp">
      <Filter>소스 파일</Filter>
    </ClCompile>
    <ClCompile Include="Object\StoneMoleMelee.cpp">
      <Filter>06.Object\02.Monster\01.Stone_Mole</Filter>
    </ClCompile>
    <ClCompile Include="Object\MonsterBase.cpp">
      <Filter>06.Object\02.Monster</Filter>
    </ClCompile>
    <ClCompile Include="Object\EditorPlayer.cpp">
      <Filter>06.Object\01.player</Filter>
    </ClCompile>
    <ClCompile Include="UI\Common\ProgressBar.cpp">
      <Filter>10.UI\01.Common</Filter>
    </ClCompile>
    <ClCompile Include="Scene\SceneEditor.cpp">
      <Filter>05.Scene</Filter>
    </ClCompile>
    <ClCompile Include="Component\TileMapRenderComponent.cpp">
      <Filter>07.Component\01.SceneComponent\07.TileMap</Filter>
    </ClCompile>
    <ClCompile Include="Component\TileMapComponent.cpp">
      <Filter>07.Component\02.NoSceneComponent\02.TileMap</Filter>
    </ClCompile>
    <ClCompile Include="Component\Tile.cpp">
      <Filter>07.Component\02.NoSceneComponent\02.TileMap</Filter>
    </ClCompile>
    <ClCompile Include="Object\TileMapObj.cpp">
      <Filter>06.Object\06.TileMap</Filter>
    </ClCompile>
    <ClCompile Include="Shader\TileMapShader.cpp">
      <Filter>04.Shader\02.ShaderClass\06.TileMap</Filter>
    </ClCompile>
    <ClCompile Include="Component\WidgetComponent.cpp">
      <Filter>07.Component\06.Widget</Filter>
    </ClCompile>
    <ClCompile Include="Component\MovementComponent.cpp">
      <Filter>07.Component\02.NoSceneComponent\01.Movement</Filter>
    </ClCompile>
    <ClCompile Include="Component\RotationComponent.cpp">
      <Filter>07.Component\02.NoSceneComponent\01.Movement</Filter>
    </ClCompile>
    <ClCompile Include="Shader\TileMapCBuffer.cpp">
      <Filter>04.Shader\03.ConstantBuffer\07.TileMap</Filter>
    </ClCompile>
    <ClCompile Include="Shader\TileShader.cpp">
      <Filter>04.Shader\02.ShaderClass\06.TileMap</Filter>
    </ClCompile>
    <ClCompile Include="Object\MoleGuard.cpp">
      <Filter>06.Object\02.Monster\02.MoleGuard</Filter>
    </ClCompile>
    <ClCompile Include="Object\WarningLine.cpp">
      <Filter>06.Object\99.Effect</Filter>
    </ClCompile>
    <ClCompile Include="Object\DashTrailEffect.cpp">
      <Filter>06.Object\99.Effect</Filter>
    </ClCompile>
    <ClCompile Include="UI\UserWidget\InventoryWindow.cpp">
      <Filter>10.UI\02.UserWidget\02.PlayerWidget\Inventoty</Filter>
    </ClCompile>
    <ClCompile Include="UI\UserWidget\ItemDescPanel.cpp">
      <Filter>10.UI\02.UserWidget\02.PlayerWidget\Inventoty</Filter>
    </ClCompile>
    <ClCompile Include="UI\UserWidget\InventoryPanel.cpp">
      <Filter>10.UI\02.UserWidget\02.PlayerWidget\Inventoty</Filter>
    </ClCompile>
    <ClCompile Include="UI\UserWidget\ComboPanel.cpp">
      <Filter>10.UI\02.UserWidget\02.PlayerWidget\Inventoty</Filter>
    </ClCompile>
    <ClCompile Include="UI\UserWidget\ItemSlotUI.cpp">
      <Filter>10.UI\02.UserWidget\02.PlayerWidget\Inventoty</Filter>
    </ClCompile>
    <ClCompile Include="Asset\Item\ItemManager.cpp">
      <Filter>03.Asset\07.Item</Filter>
    </ClCompile>
    <ClCompile Include="Asset\Item\ItemDB.cpp">
      <Filter>03.Asset\07.Item</Filter>
    </ClCompile>
    <ClCompile Include="Component\InventoryComponent.cpp">
      <Filter>07.Component\02.NoSceneComponent\Inventory</Filter>
    </ClCompile>
    <ClCompile Include="UI\UserWidget\SlotDragButton.cpp">
      <Filter>10.UI\02.UserWidget\02.PlayerWidget\Inventoty</Filter>
    </ClCompile>
    <ClCompile Include="Shader\CopyShader.cpp">
      <Filter>04.Shader\02.ShaderClass\07.Bloom</Filter>
    </ClCompile>
    <ClCompile Include="Shader\BlurShader.cpp">
      <Filter>04.Shader\02.ShaderClass\07.Bloom</Filter>
    </ClCompile>
    <ClCompile Include="Shader\BrightExtractShader.cpp">
      <Filter>04.Shader\02.ShaderClass\07.Bloom</Filter>
    </ClCompile>
    <ClCompile Include="Shader\CompositeShader.cpp">
      <Filter>04.Shader\02.ShaderClass\07.Bloom</Filter>
    </ClCompile>
    <ClCompile Include="Shader\CPostCBuffer.cpp">
      <Filter>04.Shader\03.ConstantBuffer\08.bloom</Filter>
    </ClCompile>
    <ClCompile Include="UI\UserWidget\TilePalettePanel.cpp">
      <Filter>10.UI\02.UserWidget\03.tile</Filter>
    </ClCompile>
    <ClCompile Include="Object\TorchStand.cpp">
      <Filter>06.Object\04.Tree</Filter>
    </ClCompile>
    <ClCompile Include="Object\AskardStatue.cpp">
      <Filter>06.Object\04.Tree</Filter>
    </ClCompile>
  </ItemGroup>
  <ItemGroup>
    <ClInclude Include="GameInfo.h">
      <Filter>헤더 파일</Filter>
    </ClInclude>
    <ClInclude Include="resource.h">
      <Filter>헤더 파일</Filter>
    </ClInclude>
    <ClInclude Include="GameManager.h">
      <Filter>01.GameManager</Filter>
    </ClInclude>
    <ClInclude Include="Share\Timer.h">
      <Filter>02.share\01.Time</Filter>
    </ClInclude>
    <ClInclude Include="Vector2D.h">
      <Filter>헤더 파일</Filter>
    </ClInclude>
    <ClInclude Include="Vector3D.h">
      <Filter>헤더 파일</Filter>
    </ClInclude>
    <ClInclude Include="Vector4D.h">
      <Filter>헤더 파일</Filter>
    </ClInclude>
    <ClInclude Include="Asset\AssetManager.h">
      <Filter>03.Asset</Filter>
    </ClInclude>
    <ClInclude Include="Share\Object.h">
      <Filter>02.share\02.Object</Filter>
    </ClInclude>
    <ClInclude Include="Asset\Asset.h">
      <Filter>03.Asset</Filter>
    </ClInclude>
    <ClInclude Include="Asset\Mesh\Mesh.h">
      <Filter>03.Asset\01.Mesh</Filter>
    </ClInclude>
    <ClInclude Include="Device.h">
      <Filter>01.GameManager\01.Drive</Filter>
    </ClInclude>
    <ClInclude Include="Asset\Mesh\StaticMesh.h">
      <Filter>03.Asset\01.Mesh</Filter>
    </ClInclude>
    <ClInclude Include="Asset\Mesh\MeshManager.h">
      <Filter>03.Asset\01.Mesh</Filter>
    </ClInclude>
    <ClInclude Include="Share\SharedPtr.h">
      <Filter>02.share\03.Shared_ptr</Filter>
    </ClInclude>
    <ClInclude Include="Shader\Shader.h">
      <Filter>04.Shader\02.ShaderClass</Filter>
    </ClInclude>
    <ClInclude Include="Shader\GraphicShader.h">
      <Filter>04.Shader\02.ShaderClass</Filter>
    </ClInclude>
    <ClInclude Include="Shader\ComputeShader.h">
      <Filter>04.Shader\02.ShaderClass</Filter>
    </ClInclude>
    <ClInclude Include="Shader\ShaderManager.h">
      <Filter>04.Shader</Filter>
    </ClInclude>
    <ClInclude Include="Matrix.h">
      <Filter>헤더 파일</Filter>
    </ClInclude>
    <ClInclude Include="EngineMath.h">
      <Filter>헤더 파일</Filter>
    </ClInclude>
    <ClInclude Include="Shader\ConstantBuffer.h">
      <Filter>04.Shader\03.ConstantBuffer</Filter>
    </ClInclude>
    <ClInclude Include="Shader\ConstantBufferData.h">
      <Filter>04.Shader\03.ConstantBuffer</Filter>
    </ClInclude>
    <ClInclude Include="Shader\CBufferContainer.h">
      <Filter>04.Shader\03.ConstantBuffer</Filter>
    </ClInclude>
    <ClInclude Include="Shader\TransformCBuffer.h">
      <Filter>04.Shader\03.ConstantBuffer\01.Transform</Filter>
    </ClInclude>
    <ClInclude Include="Scene\Scene.h">
      <Filter>05.Scene</Filter>
    </ClInclude>
    <ClInclude Include="Scene\SceneMain.h">
      <Filter>05.Scene</Filter>
    </ClInclude>
    <ClInclude Include="Object\SceneObject.h">
      <Filter>06.Object</Filter>
    </ClInclude>
    <ClInclude Include="Component\Component.h">
      <Filter>07.Component</Filter>
    </ClInclude>
    <ClInclude Include="Component\SceneComponent.h">
      <Filter>07.Component\01.SceneComponent</Filter>
    </ClInclude>
    <ClInclude Include="Scene\SceneManager.h">
      <Filter>05.Scene</Filter>
    </ClInclude>
    <ClInclude Include="Scene\Input.h">
      <Filter>05.Scene\01.Input</Filter>
    </ClInclude>
    <ClInclude Include="Object\BulletObject.h">
      <Filter>06.Object\03.bullet</Filter>
    </ClInclude>
    <ClInclude Include="Component\MeshComponent.h">
      <Filter>07.Component\01.SceneComponent\01.Mesh</Filter>
    </ClInclude>
    <ClInclude Include="Component\StaticMeshComponent.h">
      <Filter>07.Component\01.SceneComponent\01.Mesh</Filter>
    </ClInclude>
    <ClInclude Include="Component\CameraComponent.h">
      <Filter>07.Component\01.SceneComponent\02.Camera</Filter>
    </ClInclude>
    <ClInclude Include="Component\ColliderBase.h">
      <Filter>07.Component\01.SceneComponent\03.Collider</Filter>
    </ClInclude>
    <ClInclude Include="Scene\CameraManager.h">
      <Filter>05.Scene\02.CameraManager</Filter>
    </ClInclude>
    <ClInclude Include="Scene\CollisionQuadTree.h">
      <Filter>05.Scene\03.Collision</Filter>
    </ClInclude>
    <ClInclude Include="Scene\SceneCollision.h">
      <Filter>05.Scene\03.Collision</Filter>
    </ClInclude>
    <ClInclude Include="Shader\ColorMeshShader.h">
      <Filter>04.Shader\02.ShaderClass\01.ColorMesh</Filter>
    </ClInclude>
    <ClInclude Include="Shader\FrameMeshShader.h">
      <Filter>04.Shader\02.ShaderClass\02.FrameMesh</Filter>
    </ClInclude>
    <ClInclude Include="Object\MonsterSpawner.h">
      <Filter>06.Object</Filter>
    </ClInclude>
    <ClInclude Include="ProfileManager.h">
      <Filter>01.GameManager\02.ProfileManager</Filter>
    </ClInclude>
    <ClInclude Include="Collision.h">
      <Filter>01.GameManager\03.Collision</Filter>
    </ClInclude>
    <ClInclude Include="Shader\ColliderCBuffer.h">
      <Filter>04.Shader\03.ConstantBuffer\02.Collider</Filter>
    </ClInclude>
    <ClInclude Include="Component\ColliderAABB2D.h">
      <Filter>07.Component\01.SceneComponent\03.Collider\01.2D</Filter>
    </ClInclude>
    <ClInclude Include="Component\ColliderSphere2D.h">
      <Filter>07.Component\01.SceneComponent\03.Collider\01.2D</Filter>
    </ClInclude>
    <ClInclude Include="Component\ColliderOBB2D.h">
      <Filter>07.Component\01.SceneComponent\03.Collider\01.2D</Filter>
    </ClInclude>
    <ClInclude Include="Object\ObjectSpawnPoint.h">
      <Filter>06.Object</Filter>
    </ClInclude>
    <ClInclude Include="Object\PlayerObject.h">
      <Filter>06.Object\01.player</Filter>
    </ClInclude>
    <ClInclude Include="Component\ColliderLine2D.h">
      <Filter>07.Component\01.SceneComponent\03.Collider\01.2D</Filter>
    </ClInclude>
    <ClInclude Include="Asset\Texture\DirectXTex.h">
      <Filter>03.Asset\02.Texture</Filter>
    </ClInclude>
    <ClInclude Include="Asset\Texture\TextureManager.h">
      <Filter>03.Asset\02.Texture</Filter>
    </ClInclude>
    <ClInclude Include="Asset\Texture\Texture.h">
      <Filter>03.Asset\02.Texture</Filter>
    </ClInclude>
    <ClInclude Include="Scene\SceneAssetManager.h">
      <Filter>05.Scene\04.Asset</Filter>
    </ClInclude>
    <ClInclude Include="Asset\Material\Material.h">
      <Filter>03.Asset\03.Material</Filter>
    </ClInclude>
    <ClInclude Include="Asset\Material\MaterialManager.h">
      <Filter>03.Asset\03.Material</Filter>
    </ClInclude>
    <ClInclude Include="Render\RenderStateManager.h">
      <Filter>08.Render</Filter>
    </ClInclude>
    <ClInclude Include="Shader\StaticMeshShader.h">
      <Filter>04.Shader\02.ShaderClass\03.StaticMesh</Filter>
    </ClInclude>
    <ClInclude Include="Shader\SpriteShader.h">
      <Filter>04.Shader\02.ShaderClass\04.Sprite</Filter>
    </ClInclude>
    <ClInclude Include="Shader\MaterialCBuffer.h">
      <Filter>04.Shader\03.ConstantBuffer\03.Material</Filter>
    </ClInclude>
    <ClInclude Include="Shader\SpriteCBuffer.h">
      <Filter>04.Shader\03.ConstantBuffer\04.Sprite</Filter>
    </ClInclude>
    <ClInclude Include="Component\SpriteComponent.h">
      <Filter>07.Component\01.SceneComponent\04.Sprite</Filter>
    </ClInclude>
    <ClInclude Include="Animation\Animation2D.h">
      <Filter>09.Animation</Filter>
    </ClInclude>
    <ClInclude Include="Asset\Animation\Animation2DData.h">
      <Filter>03.Asset\04.Animation</Filter>
    </ClInclude>
    <ClInclude Include="Asset\Animation\Animation2DManager.h">
      <Filter>03.Asset\04.Animation</Filter>
    </ClInclude>
    <ClInclude Include="Asset\Sound\fmod.h">
      <Filter>03.Asset\05.Sound</Filter>
    </ClInclude>
    <ClInclude Include="Asset\Sound\fmod.hpp">
      <Filter>03.Asset\05.Sound</Filter>
    </ClInclude>
    <ClInclude Include="Asset\Sound\fmod_codec.h">
      <Filter>03.Asset\05.Sound</Filter>
    </ClInclude>
    <ClInclude Include="Asset\Sound\fmod_common.h">
      <Filter>03.Asset\05.Sound</Filter>
    </ClInclude>
    <ClInclude Include="Asset\Sound\fmod_dsp.h">
      <Filter>03.Asset\05.Sound</Filter>
    </ClInclude>
    <ClInclude Include="Asset\Sound\fmod_dsp_effects.h">
      <Filter>03.Asset\05.Sound</Filter>
    </ClInclude>
    <ClInclude Include="Asset\Sound\fmod_errors.h">
      <Filter>03.Asset\05.Sound</Filter>
    </ClInclude>
    <ClInclude Include="Asset\Sound\fmod_output.h">
      <Filter>03.Asset\05.Sound</Filter>
    </ClInclude>
    <ClInclude Include="Asset\Sound\SoundManager.h">
      <Filter>03.Asset\05.Sound</Filter>
    </ClInclude>
    <ClInclude Include="Asset\Sound\Sound.h">
      <Filter>03.Asset\05.Sound</Filter>
    </ClInclude>
    <ClInclude Include="Share\Log.h">
      <Filter>02.share\04.Log</Filter>
    </ClInclude>
    <ClInclude Include="Shader\Animation2DCBuffer.h">
      <Filter>04.Shader\03.ConstantBuffer\05.Animation</Filter>
    </ClInclude>
    <ClInclude Include="Scene\SceneUIManager.h">
      <Filter>05.Scene\05.UI</Filter>
    </ClInclude>
    <ClInclude Include="Object\SpriteEffect.h">
      <Filter>06.Object\99.Effect</Filter>
    </ClInclude>
    <ClInclude Include="Render\RenderState.h">
      <Filter>08.Render\01.Renderstate</Filter>
    </ClInclude>
    <ClInclude Include="Render\BlendState.h">
      <Filter>08.Render\01.Renderstate</Filter>
    </ClInclude>
    <ClInclude Include="Render\RasterizerState.h">
      <Filter>08.Render\01.Renderstate</Filter>
    </ClInclude>
    <ClInclude Include="Animation\Animation2DSequence.h">
      <Filter>09.Animation</Filter>
    </ClInclude>
    <ClInclude Include="Component\AudioComponent.h">
      <Filter>07.Component\01.SceneComponent\05.Audio</Filter>
    </ClInclude>
    <ClInclude Include="UI\UIinfo.h">
      <Filter>10.UI</Filter>
    </ClInclude>
    <ClInclude Include="UI\Widget.h">
      <Filter>10.UI</Filter>
    </ClInclude>
    <ClInclude Include="UI\Common\Button.h">
      <Filter>10.UI\01.Common</Filter>
    </ClInclude>
    <ClInclude Include="Object\Block.h">
      <Filter>06.Object\98.Block</Filter>
    </ClInclude>
    <ClInclude Include="Render\RenderManager.h">
      <Filter>08.Render</Filter>
    </ClInclude>
    <ClInclude Include="UI\UserWidget\WindowWidget.h">
      <Filter>10.UI\02.UserWidget</Filter>
    </ClInclude>
    <ClInclude Include="UI\UserWidget\UserWidget.h">
      <Filter>10.UI\02.UserWidget</Filter>
    </ClInclude>
    <ClInclude Include="UI\UserWidget\MainWidget.h">
      <Filter>10.UI\02.UserWidget\01.Main</Filter>
    </ClInclude>
    <ClInclude Include="Object\Tree.h">
      <Filter>06.Object\04.Tree</Filter>
    </ClInclude>
    <ClInclude Include="Object\MainCamera.h">
      <Filter>06.Object\05.Camera</Filter>
    </ClInclude>
    <ClInclude Include="Shader\UIShader.h">
      <Filter>04.Shader\02.ShaderClass\05.UI</Filter>
    </ClInclude>
    <ClInclude Include="Shader\UICbuffer.h">
      <Filter>04.Shader\03.ConstantBuffer\06.UI</Filter>
    </ClInclude>
    <ClInclude Include="Render\DepthStencilState.h">
      <Filter>08.Render\01.Renderstate</Filter>
    </ClInclude>
    <ClInclude Include="Object\PlayerWeaponObject.h">
      <Filter>06.Object\01.player</Filter>
    </ClInclude>
    <ClInclude Include="Object\PlayerShieldObject.h">
      <Filter>06.Object\01.player</Filter>
    </ClInclude>
    <ClInclude Include="Asset\Font\FontManager.h">
      <Filter>03.Asset\06.Font</Filter>
    </ClInclude>
    <ClInclude Include="Asset\Font\FontCollection.h">
      <Filter>03.Asset\06.Font</Filter>
    </ClInclude>
    <ClInclude Include="Asset\Font\Font.h">
      <Filter>03.Asset\06.Font</Filter>
    </ClInclude>
    <ClInclude Include="Scene\SceneStart.h">
      <Filter>05.Scene</Filter>
    </ClInclude>
    <ClInclude Include="UI\Common\Image.h">
      <Filter>10.UI\01.Common</Filter>
    </ClInclude>
    <ClInclude Include="UI\Common\TextBlock.h">
      <Filter>10.UI\01.Common</Filter>
    </ClInclude>
    <ClInclude Include="UI\UserWidget\StartWidget.h">
      <Filter>10.UI\02.UserWidget\01.Main</Filter>
    </ClInclude>
    <ClInclude Include="UI\UserWidget\HeadInfo.h">
      <Filter>헤더 파일</Filter>
    </ClInclude>
    <ClInclude Include="Object\StoneMoleMelee.h">
      <Filter>06.Object\02.Monster\01.Stone_Mole</Filter>
    </ClInclude>
    <ClInclude Include="Object\MonsterBase.h">
      <Filter>06.Object\02.Monster</Filter>
    </ClInclude>
    <ClInclude Include="Object\EditorPlayer.h">
      <Filter>06.Object\01.player</Filter>
    </ClInclude>
    <ClInclude Include="UI\Common\ProgressBar.h">
      <Filter>10.UI\01.Common</Filter>
    </ClInclude>
    <ClInclude Include="Scene\SceneEditor.h">
      <Filter>05.Scene</Filter>
    </ClInclude>
    <ClInclude Include="Component\TileMapRenderComponent.h">
      <Filter>07.Component\01.SceneComponent\07.TileMap</Filter>
    </ClInclude>
    <ClInclude Include="Component\TileMapComponent.h">
      <Filter>07.Component\02.NoSceneComponent\02.TileMap</Filter>
    </ClInclude>
    <ClInclude Include="Component\Tile.h">
      <Filter>07.Component\02.NoSceneComponent\02.TileMap</Filter>
    </ClInclude>
    <ClInclude Include="Object\TileMapObj.h">
      <Filter>06.Object\06.TileMap</Filter>
    </ClInclude>
    <ClInclude Include="Shader\TileMapShader.h">
      <Filter>04.Shader\02.ShaderClass\06.TileMap</Filter>
    </ClInclude>
    <ClInclude Include="Component\WidgetComponent.h">
      <Filter>07.Component\06.Widget</Filter>
    </ClInclude>
    <ClInclude Include="Component\MovementComponent.h">
      <Filter>07.Component\02.NoSceneComponent\01.Movement</Filter>
    </ClInclude>
    <ClInclude Include="Component\RotationComponent.h">
      <Filter>07.Component\02.NoSceneComponent\01.Movement</Filter>
    </ClInclude>
    <ClInclude Include="Shader\TileMapCBuffer.h">
      <Filter>04.Shader\03.ConstantBuffer\07.TileMap</Filter>
    </ClInclude>
    <ClInclude Include="Shader\TileShader.h">
      <Filter>04.Shader\02.ShaderClass\06.TileMap</Filter>
    </ClInclude>
    <ClInclude Include="Object\MoleGuard.h">
      <Filter>06.Object\02.Monster\02.MoleGuard</Filter>
    </ClInclude>
    <ClInclude Include="Object\WarningLine.h">
      <Filter>06.Object\99.Effect</Filter>
    </ClInclude>
    <ClInclude Include="Object\DashTrailEffect.h">
      <Filter>06.Object\99.Effect</Filter>
    </ClInclude>
    <ClInclude Include="UI\UserWidget\InventoryWindow.h">
      <Filter>10.UI\02.UserWidget\02.PlayerWidget\Inventoty</Filter>
    </ClInclude>
    <ClInclude Include="UI\UserWidget\ItemDescPanel.h">
      <Filter>10.UI\02.UserWidget\02.PlayerWidget\Inventoty</Filter>
    </ClInclude>
    <ClInclude Include="UI\UserWidget\InventoryPanel.h">
      <Filter>10.UI\02.UserWidget\02.PlayerWidget\Inventoty</Filter>
    </ClInclude>
    <ClInclude Include="UI\UserWidget\ComboPanel.h">
      <Filter>10.UI\02.UserWidget\02.PlayerWidget\Inventoty</Filter>
    </ClInclude>
    <ClInclude Include="UI\UserWidget\ItemSlotUI.h">
      <Filter>10.UI\02.UserWidget\02.PlayerWidget\Inventoty</Filter>
    </ClInclude>
    <ClInclude Include="Asset\Item\ItemDB.h">
      <Filter>03.Asset\07.Item</Filter>
    </ClInclude>
    <ClInclude Include="Asset\Item\ItemManager.h">
      <Filter>03.Asset\07.Item</Filter>
    </ClInclude>
    <ClInclude Include="Component\InventoryComponent.h">
      <Filter>07.Component\02.NoSceneComponent\Inventory</Filter>
    </ClInclude>
    <ClInclude Include="UI\UserWidget\SlotDragButton.h">
      <Filter>10.UI\02.UserWidget\02.PlayerWidget\Inventoty</Filter>
    </ClInclude>
    <ClInclude Include="Shader\CopyShader.h">
      <Filter>04.Shader\02.ShaderClass\07.Bloom</Filter>
    </ClInclude>
    <ClInclude Include="Shader\BlurShader.h">
      <Filter>04.Shader\02.ShaderClass\07.Bloom</Filter>
    </ClInclude>
    <ClInclude Include="Shader\BrightExtractShader.h">
      <Filter>04.Shader\02.ShaderClass\07.Bloom</Filter>
    </ClInclude>
    <ClInclude Include="Shader\CompositeShader.h">
      <Filter>04.Shader\02.ShaderClass\07.Bloom</Filter>
    </ClInclude>
    <ClInclude Include="Shader\CPostCBuffer.h">
      <Filter>04.Shader\03.ConstantBuffer\08.bloom</Filter>
    </ClInclude>
    <ClInclude Include="UI\UserWidget\TilePalettePanel.h">
      <Filter>10.UI\02.UserWidget\03.tile</Filter>
    </ClInclude>
    <ClInclude Include="Object\AskardStatue.h">
      <Filter>06.Object\04.Tree</Filter>
    </ClInclude>
    <ClInclude Include="Object\TorchStand.h">
      <Filter>06.Object\04.Tree</Filter>
    </ClInclude>
  </ItemGroup>
  <ItemGroup>
    <ResourceCompile Include="20251013da2.rc">
      <Filter>리소스 파일</Filter>
    </ResourceCompile>
  </ItemGroup>
  <ItemGroup>
    <Image Include="icon1.ico">
      <Filter>리소스 파일</Filter>
    </Image>
  </ItemGroup>
  <ItemGroup>
    <FxCompile Include="..\Bin\Shader\ColorMesh.fx">
      <Filter>04.Shader\01.HLSL</Filter>
    </FxCompile>
    <FxCompile Include="..\Bin\Shader\Share.fx">
      <Filter>04.Shader\01.HLSL</Filter>
    </FxCompile>
    <FxCompile Include="..\Bin\Shader\Mesh.fx">
      <Filter>04.Shader\01.HLSL</Filter>
    </FxCompile>
    <FxCompile Include="..\Bin\Shader\Sprite.fx">
      <Filter>04.Shader\01.HLSL</Filter>
    </FxCompile>
    <FxCompile Include="..\Bin\Shader\UI.fx">
      <Filter>04.Shader\01.HLSL</Filter>
    </FxCompile>
    <FxCompile Include="..\Bin\Shader\TileMap.fx">
      <Filter>04.Shader\01.HLSL</Filter>
    </FxCompile>
    <FxCompile Include="..\Bin\Shader\Copy.fx">
      <Filter>04.Shader\01.HLSL\Bloom</Filter>
    </FxCompile>
    <FxCompile Include="..\Bin\Shader\BrightExtract.fx">
      <Filter>04.Shader\01.HLSL\Bloom</Filter>
    </FxCompile>
    <FxCompile Include="..\Bin\Shader\Composite.fx">
      <Filter>04.Shader\01.HLSL\Bloom</Filter>
    </FxCompile>
    <FxCompile Include="..\Bin\Shader\Blur.fx">
      <Filter>04.Shader\01.HLSL\Bloom</Filter>
    </FxCompile>
  </ItemGroup>
  <ItemGroup>
    <None Include="Asset\Texture\DirectXTex.inl">
      <Filter>03.Asset\02.Texture</Filter>
    </None>
    <None Include="Asset\Sound\fmod.cs">
      <Filter>03.Asset\05.Sound</Filter>
    </None>
    <None Include="Asset\Sound\fmod_dsp.cs">
      <Filter>03.Asset\05.Sound</Filter>
    </None>
    <None Include="Asset\Sound\fmod_errors.cs">
      <Filter>03.Asset\05.Sound</Filter>
    </None>
    <None Include="ClassDiagram.cd" />
  </ItemGroup>
</Project>